
Microsoft Visual Studio Solution File, Format Version 12.00
# Visual Studio Version 16
VisualStudioVersion = 16.0.29709.97
MinimumVisualStudioVersion = 10.0.40219.1
Project("{FAE04EC0-301F-11D3-BF4B-00C04F79EFBC}") = "checkavlist", "checkavlist\checkavlist.csproj", "{F431B366-7F5A-4224-AF39-F05B088601F8}"
EndProject
Global
	GlobalSection(SolutionConfigurationPlatforms) = preSolution
		Debug|Any CPU = Debug|Any CPU
		Release|Any CPU = Release|Any CPU
	EndGlobalSection
	GlobalSection(ProjectConfigurationPlatforms) = postSolution
		{F431B366-7F5A-4224-AF39-F05B088601F8}.Debug|Any CPU.ActiveCfg = Debug|Any CPU
		{F431B366-7F5A-4224-AF39-F05B088601F8}.Debug|Any CPU.Build.0 = Debug|Any CPU
		{F431B366-7F5A-4224-AF39-F05B088601F8}.Release|Any CPU.ActiveCfg = Release|Any CPU
		{F431B366-7F5A-4224-AF39-F05B088601F8}.Release|Any CPU.Build.0 = Release|Any CPU
	EndGlobalSection
	GlobalSection(SolutionProperties) = preSolution
		HideSolutionNode = FALSE
	EndGlobalSection
	GlobalSection(ExtensibilityGlobals) = postSolution
		SolutionGuid = {9E90BB46-4302-4975-B673-51AA68149248}
	EndGlobalSection
EndGlobal
